// !$*UTF8*$!
{
	archiveVersion = 1;
	classes = {
	};
	objectVersion = 46;
	objects = {

/* Begin PBXBuildFile section */
		D4A542051A968CDA00AB1821 /* main.m in Sources */ = {isa = PBXBuildFile; fileRef = D4A542041A968CDA00AB1821 /* main.m */; };
		D4A542081A968CDA00AB1821 /* AppDelegate.m in Sources */ = {isa = PBXBuildFile; fileRef = D4A542071A968CDA00AB1821 /* AppDelegate.m */; };
		D4A5420B1A968CDA00AB1821 /* ViewController.m in Sources */ = {isa = PBXBuildFile; fileRef = D4A5420A1A968CDA00AB1821 /* ViewController.m */; };
		D4A542101A968CDA00AB1821 /* Images.xcassets in Resources */ = {isa = PBXBuildFile; fileRef = D4A5420F1A968CDA00AB1821 /* Images.xcassets */; };
		D4A5421F1A968CDA00AB1821 /* JDBBrowserTests.m in Sources */ = {isa = PBXBuildFile; fileRef = D4A5421E1A968CDA00AB1821 /* JDBBrowserTests.m */; };
		D4A5425B1AA4CC9E00AB1821 /* ViewController.xib in Resources */ = {isa = PBXBuildFile; fileRef = D4A5425A1AA4CC9E00AB1821 /* ViewController.xib */; };
/* End PBXBuildFile section */

/* Begin PBXContainerItemProxy section */
		D4A542191A968CDA00AB1821 /* PBXContainerItemProxy */ = {
			isa = PBXContainerItemProxy;
			containerPortal = D4A541F71A968CD900AB1821 /* Project object */;
			proxyType = 1;
			remoteGlobalIDString = D4A541FE1A968CDA00AB1821;
			remoteInfo = JDBBrowser;
		};
/* End PBXContainerItemProxy section */

/* Begin PBXFileReference section */
		D4A541FF1A968CDA00AB1821 /* JDBBrowser.app */ = {isa = PBXFileReference; explicitFileType = wrapper.application; includeInIndex = 0; path = JDBBrowser.app; sourceTree = BUILT_PRODUCTS_DIR; };
		D4A542031A968CDA00AB1821 /* Info.plist */ = {isa = PBXFileReference; lastKnownFileType = text.plist.xml; path = Info.plist; sourceTree = "<group>"; };
		D4A542041A968CDA00AB1821 /* main.m */ = {isa = PBXFileReference; lastKnownFileType = sourcecode.c.objc; path = main.m; sourceTree = "<group>"; };
		D4A542061A968CDA00AB1821 /* AppDelegate.h */ = {isa = PBXFileReference; lastKnownFileType = sourcecode.c.h; path = AppDelegate.h; sourceTree = "<group>"; };
		D4A542071A968CDA00AB1821 /* AppDelegate.m */ = {isa = PBXFileReference; lastKnownFileType = sourcecode.c.objc; path = AppDelegate.m; sourceTree = "<group>"; };
		D4A542091A968CDA00AB1821 /* ViewController.h */ = {isa = PBXFileReference; lastKnownFileType = sourcecode.c.h; path = ViewController.h; sourceTree = "<group>"; };
		D4A5420A1A968CDA00AB1821 /* ViewController.m */ = {isa = PBXFileReference; lastKnownFileType = sourcecode.c.objc; path = ViewController.m; sourceTree = "<group>"; };
		D4A5420F1A968CDA00AB1821 /* Images.xcassets */ = {isa = PBXFileReference; lastKnownFileType = folder.assetcatalog; path = Images.xcassets; sourceTree = "<group>"; };
		D4A542181A968CDA00AB1821 /* JDBBrowserTests.xctest */ = {isa = PBXFileReference; explicitFileType = wrapper.cfbundle; includeInIndex = 0; path = JDBBrowserTests.xctest; sourceTree = BUILT_PRODUCTS_DIR; };
		D4A5421D1A968CDA00AB1821 /* Info.plist */ = {isa = PBXFileReference; lastKnownFileType = text.plist.xml; path = Info.plist; sourceTree = "<group>"; };
		D4A5421E1A968CDA00AB1821 /* JDBBrowserTests.m */ = {isa = PBXFileReference; lastKnownFileType = sourcecode.c.objc; path = JDBBrowserTests.m; sourceTree = "<group>"; };
		D4A5425A1AA4CC9E00AB1821 /* ViewController.xib */ = {isa = PBXFileReference; fileEncoding = 4; lastKnownFileType = file.xib; name = ViewController.xib; path = ../ViewController.xib; sourceTree = "<group>"; };
/* End PBXFileReference section */

/* Begin PBXFrameworksBuildPhase section */
		D4A541FC1A968CDA00AB1821 /* Frameworks */ = {
			isa = PBXFrameworksBuildPhase;
			buildActionMask = 2147483647;
			files = (
			);
			runOnlyForDeploymentPostprocessing = 0;
		};
		D4A542151A968CDA00AB1821 /* Frameworks */ = {
			isa = PBXFrameworksBuildPhase;
			buildActionMask = 2147483647;
			files = (
			);
			runOnlyForDeploymentPostprocessing = 0;
		};
/* End PBXFrameworksBuildPhase section */

/* Begin PBXGroup section */
		D4A541F61A968CD900AB1821 = {
			isa = PBXGroup;
			children = (
				D4A542011A968CDA00AB1821 /* JDBBrowser */,
				D4A5421B1A968CDA00AB1821 /* JDBBrowserTests */,
				D4A542001A968CDA00AB1821 /* Products */,
			);
			sourceTree = "<group>";
		};
		D4A542001A968CDA00AB1821 /* Products */ = {
			isa = PBXGroup;
			children = (
				D4A541FF1A968CDA00AB1821 /* JDBBrowser.app */,
				D4A542181A968CDA00AB1821 /* JDBBrowserTests.xctest */,
			);
			name = Products;
			sourceTree = "<group>";
		};
		D4A542011A968CDA00AB1821 /* JDBBrowser */ = {
			isa = PBXGroup;
			children = (
				D4A542061A968CDA00AB1821 /* AppDelegate.h */,
				D4A542071A968CDA00AB1821 /* AppDelegate.m */,
				D4A542091A968CDA00AB1821 /* ViewController.h */,
				D4A5420A1A968CDA00AB1821 /* ViewController.m */,
				D4A5425A1AA4CC9E00AB1821 /* ViewController.xib */,
				D4A5420F1A968CDA00AB1821 /* Images.xcassets */,
				D4A542021A968CDA00AB1821 /* Supporting Files */,
			);
			path = JDBBrowser;
			sourceTree = "<group>";
		};
		D4A542021A968CDA00AB1821 /* Supporting Files */ = {
			isa = PBXGroup;
			children = (
				D4A542031A968CDA00AB1821 /* Info.plist */,
				D4A542041A968CDA00AB1821 /* main.m */,
			);
			name = "Supporting Files";
			sourceTree = "<group>";
		};
		D4A5421B1A968CDA00AB1821 /* JDBBrowserTests */ = {
			isa = PBXGroup;
			children = (
				D4A5421E1A968CDA00AB1821 /* JDBBrowserTests.m */,
				D4A5421C1A968CDA00AB1821 /* Supporting Files */,
			);
			path = JDBBrowserTests;
			sourceTree = "<group>";
		};
		D4A5421C1A968CDA00AB1821 /* Supporting Files */ = {
			isa = PBXGroup;
			children = (
				D4A5421D1A968CDA00AB1821 /* Info.plist */,
			);
			name = "Supporting Files";
			sourceTree = "<group>";
		};
/* End PBXGroup section */

/* Begin PBXNativeTarget section */
		D4A541FE1A968CDA00AB1821 /* JDBBrowser */ = {
			isa = PBXNativeTarget;
			buildConfigurationList = D4A542221A968CDA00AB1821 /* Build configuration list for PBXNativeTarget "JDBBrowser" */;
			buildPhases = (
				D4A541FB1A968CDA00AB1821 /* Sources */,
				D4A541FC1A968CDA00AB1821 /* Frameworks */,
				D4A541FD1A968CDA00AB1821 /* Resources */,
			);
			buildRules = (
			);
			dependencies = (
			);
			name = JDBBrowser;
			productName = JDBBrowser;
			productReference = D4A541FF1A968CDA00AB1821 /* JDBBrowser.app */;
			productType = "com.apple.product-type.application";
		};
		D4A542171A968CDA00AB1821 /* JDBBrowserTests */ = {
			isa = PBXNativeTarget;
			buildConfigurationList = D4A542251A968CDA00AB1821 /* Build configuration list for PBXNativeTarget "JDBBrowserTests" */;
			buildPhases = (
				D4A542141A968CDA00AB1821 /* Sources */,
				D4A542151A968CDA00AB1821 /* Frameworks */,
				D4A542161A968CDA00AB1821 /* Resources */,
			);
			buildRules = (
			);
			dependencies = (
				D4A5421A1A968CDA00AB1821 /* PBXTargetDependency */,
			);
			name = JDBBrowserTests;
			productName = JDBBrowserTests;
			productReference = D4A542181A968CDA00AB1821 /* JDBBrowserTests.xctest */;
			productType = "com.apple.product-type.bundle.unit-test";
		};
/* End PBXNativeTarget section */

/* Begin PBXProject section */
		D4A541F71A968CD900AB1821 /* Project object */ = {
			isa = PBXProject;
			attributes = {
				LastUpgradeCheck = 0610;
				ORGANIZATIONNAME = "Joseph Bender";
				TargetAttributes = {
					D4A541FE1A968CDA00AB1821 = {
						CreatedOnToolsVersion = 6.1.1;
					};
					D4A542171A968CDA00AB1821 = {
						CreatedOnToolsVersion = 6.1.1;
						TestTargetID = D4A541FE1A968CDA00AB1821;
					};
				};
			};
			buildConfigurationList = D4A541FA1A968CD900AB1821 /* Build configuration list for PBXProject "JDBBrowser" */;
			compatibilityVersion = "Xcode 3.2";
			developmentRegion = English;
			hasScannedForEncodings = 0;
			knownRegions = (
				en,
				Base,
			);
			mainGroup = D4A541F61A968CD900AB1821;
			productRefGroup = D4A542001A968CDA00AB1821 /* Products */;
			projectDirPath = "";
			projectRoot = "";
			targets = (
				D4A541FE1A968CDA00AB1821 /* JDBBrowser */,
				D4A542171A968CDA00AB1821 /* JDBBrowserTests */,
			);
		};
/* End PBXProject section */

/* Begin PBXResourcesBuildPhase section */
		D4A541FD1A968CDA00AB1821 /* Resources */ = {
			isa = PBXResourcesBuildPhase;
			buildActionMask = 2147483647;
			files = (
				D4A5425B1AA4CC9E00AB1821 /* ViewController.xib in Resources */,
				D4A542101A968CDA00AB1821 /* Images.xcassets in Resources */,
			);
			runOnlyForDeploymentPostprocessing = 0;
		};
		D4A542161A968CDA00AB1821 /* Resources */ = {
			isa = PBXResourcesBuildPhase;
			buildActionMask = 2147483647;
			files = (
			);
			runOnlyForDeploymentPostprocessing = 0;
		};
/* End PBXResourcesBuildPhase section */

/* Begin PBXSourcesBuildPhase section */
		D4A541FB1A968CDA00AB1821 /* Sources */ = {
			isa = PBXSourcesBuildPhase;
			buildActionMask = 2147483647;
			files = (
				D4A5420B1A968CDA00AB1821 /* ViewController.m in Sources */,
				D4A542081A968CDA00AB1821 /* AppDelegate.m in Sources */,
				D4A542051A968CDA00AB1821 /* main.m in Sources */,
			);
			runOnlyForDeploymentPostprocessing = 0;
		};
		D4A542141A968CDA00AB1821 /* Sources */ = {
			isa = PBXSourcesBuildPhase;
			buildActionMask = 2147483647;
			files = (
				D4A5421F1A968CDA00AB1821 /* JDBBrowserTests.m in Sources */,
			);
			runOnlyForDeploymentPostprocessing = 0;
		};
/* End PBXSourcesBuildPhase section */

/* Begin PBXTargetDependency section */
		D4A5421A1A968CDA00AB1821 /* PBXTargetDependency */ = {
			isa = PBXTargetDependency;
			target = D4A541FE1A968CDA00AB1821 /* JDBBrowser */;
			targetProxy = D4A542191A968CDA00AB1821 /* PBXContainerItemProxy */;
		};
/* End PBXTargetDependency section */

/* Begin XCBuildConfiguration section */
		D4A542201A968CDA00AB1821 /* Debug */ = {
			isa = XCBuildConfiguration;
			buildSettings = {
				ALWAYS_SEARCH_USER_PATHS = NO;
				CLANG_CXX_LANGUAGE_STANDARD = "gnu++0x";
				CLANG_CXX_LIBRARY = "libc++";
				CLANG_ENABLE_MODULES = YES;
				CLANG_ENABLE_OBJC_ARC = YES;
				CLANG_WARN_BOOL_CONVERSION = YES;
				CLANG_WARN_CONSTANT_CONVERSION = YES;
				CLANG_WARN_DIRECT_OBJC_ISA_USAGE = YES_ERROR;
				CLANG_WARN_EMPTY_BODY = YES;
				CLANG_WARN_ENUM_CONVERSION = YES;
				CLANG_WARN_INT_CONVERSION = YES;
				CLANG_WARN_OBJC_ROOT_CLASS = YES_ERROR;
				CLANG_WARN_UNREACHABLE_CODE = YES;
				CLANG_WARN__DUPLICATE_METHOD_MATCH = YES;
				"CODE_SIGN_IDENTITY[sdk=iphoneos*]" = "iPhone Developer";
				COPY_PHASE_STRIP = NO;
				ENABLE_STRICT_OBJC_MSGSEND = YES;
				GCC_C_LANGUAGE_STANDARD = gnu99;
				GCC_DYNAMIC_NO_PIC = NO;
				GCC_OPTIMIZATION_LEVEL = 0;
				GCC_PREPROCESSOR_DEFINITIONS = (
					"DEBUG=1",
					"$(inherited)",
				);
				GCC_SYMBOLS_PRIVATE_EXTERN = NO;
				GCC_WARN_64_TO_32_BIT_CONVERSION = YES;
				GCC_WARN_ABOUT_RETURN_TYPE = YES_ERROR;
				GCC_WARN_UNDECLARED_SELECTOR = YES;
				GCC_WARN_UNINITIALIZED_AUTOS = YES_AGGRESSIVE;
				GCC_WARN_UNUSED_FUNCTION = YES;
				GCC_WARN_UNUSED_VARIABLE = YES;
				IPHONEOS_DEPLOYMENT_TARGET = 8.1;
				MTL_ENABLE_DEBUG_INFO = YES;
				ONLY_ACTIVE_ARCH = YES;
				SDKROOT = iphoneos;
			};
			name = Debug;
		};
		D4A542211A968CDA00AB1821 /* Release */ = {
			isa = XCBuildConfiguration;
			buildSettings = {
				ALWAYS_SEARCH_USER_PATHS = NO;
				CLANG_CXX_LANGUAGE_STANDARD = "gnu++0x";
				CLANG_CXX_LIBRARY = "libc++";
				CLANG_ENABLE_MODULES = YES;
				CLANG_ENABLE_OBJC_ARC = YES;
				CLANG_WARN_BOOL_CONVERSION = YES;
				CLANG_WARN_CONSTANT_CONVERSION = YES;
				CLANG_WARN_DIRECT_OBJC_ISA_USAGE = YES_ERROR;
				CLANG_WARN_EMPTY_BODY = YES;
				CLANG_WARN_ENUM_CONVERSION = YES;
				CLANG_WARN_INT_CONVERSION = YES;
				CLANG_WARN_OBJC_ROOT_CLASS = YES_ERROR;
				CLANG_WARN_UNREACHABLE_CODE = YES;
				CLANG_WARN__DUPLICATE_METHOD_MATCH = YES;
				"CODE_SIGN_IDENTITY[sdk=iphoneos*]" = "iPhone Developer";
				COPY_PHASE_STRIP = YES;
				ENABLE_NS_ASSERTIONS = NO;
				ENABLE_STRICT_OBJC_MSGSEND = YES;
				GCC_C_LANGUAGE_STANDARD = gnu99;
				GCC_WARN_64_TO_32_BIT_CONVERSION = YES;
				GCC_WARN_ABOUT_RETURN_TYPE = YES_ERROR;
				GCC_WARN_UNDECLARED_SELECTOR = YES;
				GCC_WARN_UNINITIALIZED_AUTOS = YES_AGGRESSIVE;
				GCC_WARN_UNUSED_FUNCTION = YES;
				GCC_WARN_UNUSED_VARIABLE = YES;
				IPHONEOS_DEPLOYMENT_TARGET = 8.1;
				MTL_ENABLE_DEBUG_INFO = NO;
				SDKROOT = iphoneos;
				VALIDATE_PRODUCT = YES;
			};
			name = Release;
		};
		D4A542231A968CDA00AB1821 /* Debug */ = {
			isa = XCBuildConfiguration;
			buildSettings = {
				ASSETCATALOG_COMPILER_APPICON_NAME = AppIcon;
				INFOPLIST_FILE = JDBBrowser/Info.plist;
				LD_RUNPATH_SEARCH_PATHS = "$(inherited) @executable_path/Frameworks";
				PRODUCT_NAME = "$(TARGET_NAME)";
			};
			name = Debug;
		};
		D4A542241A968CDA00AB1821 /* Release */ = {
			isa = XCBuildConfiguration;
			buildSettings = {
				ASSETCATALOG_COMPILER_APPICON_NAME = AppIcon;
				INFOPLIST_FILE = JDBBrowser/Info.plist;
				LD_RUNPATH_SEARCH_PATHS = "$(inherited) @executable_path/Frameworks";
				PRODUCT_NAME = "$(TARGET_NAME)";
			};
			name = Release;
		};
		D4A542261A968CDA00AB1821 /* Debug */ = {
			isa = XCBuildConfiguration;
			buildSettings = {
				BUNDLE_LOADER = "$(TEST_HOST)";
				FRAMEWORK_SEARCH_PATHS = (
					"$(SDKROOT)/Developer/Library/Frameworks",
					"$(inherited)",
				);
				GCC_PREPROCESSOR_DEFINITIONS = (
					"DEBUG=1",
					"$(inherited)",
				);
				INFOPLIST_FILE = JDBBrowserTests/Info.plist;
				LD_RUNPATH_SEARCH_PATHS = "$(inherited) @executable_path/Frameworks @loader_path/Frameworks";
				PRODUCT_NAME = "$(TARGET_NAME)";
				TEST_HOST = "$(BUILT_PRODUCTS_DIR)/JDBBrowser.app/JDBBrowser";
			};
			name = Debug;
		};
		D4A542271A968CDA00AB1821 /* Release */ = {
			isa = XCBuildConfiguration;
			buildSettings = {
				BUNDLE_LOADER = "$(TEST_HOST)";
				FRAMEWORK_SEARCH_PATHS = (
					"$(SDKROOT)/Developer/Library/Frameworks",
					"$(inherited)",
				);
				INFOPLIST_FILE = JDBBrowserTests/Info.plist;
				LD_RUNPATH_SEARCH_PATHS = "$(inherited) @executable_path/Frameworks @loader_path/Frameworks";
				PRODUCT_NAME = "$(TARGET_NAME)";
				TEST_HOST = "$(BUILT_PRODUCTS_DIR)/JDBBrowser.app/JDBBrowser";
			};
			name = Release;
		};
/* End XCBuildConfiguration section */

/* Begin XCConfigurationList section */
		D4A541FA1A968CD900AB1821 /* Build configuration list for PBXProject "JDBBrowser" */ = {
			isa = XCConfigurationList;
			buildConfigurations = (
				D4A542201A968CDA00AB1821 /* Debug */,
				D4A542211A968CDA00AB1821 /* Release */,
			);
			defaultConfigurationIsVisible = 0;
			defaultConfigurationName = Release;
		};
		D4A542221A968CDA00AB1821 /* Build configuration list for PBXNativeTarget "JDBBrowser" */ = {
			isa = XCConfigurationList;
			buildConfigurations = (
				D4A542231A968CDA00AB1821 /* Debug */,
				D4A542241A968CDA00AB1821 /* Release */,
			);
			defaultConfigurationIsVisible = 0;
		};
		D4A542251A968CDA00AB1821 /* Build configuration list for PBXNativeTarget "JDBBrowserTests" */ = {
			isa = XCConfigurationList;
			buildConfigurations = (
				D4A542261A968CDA00AB1821 /* Debug */,
				D4A542271A968CDA00AB1821 /* Release */,
			);
			defaultConfigurationIsVisible = 0;
		};
/* End XCConfigurationList section */
	};
	rootObject = D4A541F71A968CD900AB1821 /* Project object */;
}
